
Microsoft Visual Studio Solution File, Format Version 12.00
# Visual Studio 14
VisualStudioVersion = 14.0.23107.0
MinimumVisualStudioVersion = 10.0.40219.1
Project("{2150E333-8FDC-42A3-9474-1A3956D46DE8}") = "src", "src", "{109D8991-21A9-4526-BD39-509545A46B35}"
EndProject
Project("{2150E333-8FDC-42A3-9474-1A3956D46DE8}") = "Solution Items", "Solution Items", "{92C9A08F-2540-4E15-A14D-22A53AFBBD5B}"
	ProjectSection(SolutionItems) = preProject
		global.json = global.json
	EndProjectSection
EndProject
Project("{8BB2217D-0F2D-49D1-97BC-3654ED321F3B}") = "Kwicli", "src\Kwicli\Kwicli.xproj", "{9703AEEF-EBE1-4BB3-9CA8-C680E5280DD1}"
EndProject
Project("{2150E333-8FDC-42A3-9474-1A3956D46DE8}") = "PublishScripts", "PublishScripts", "{316A140F-1E1E-4202-93F7-207A4D5A6E7E}"
	ProjectSection(SolutionItems) = preProject
		PublishScripts\AzureVMPublishModule.psm1 = PublishScripts\AzureVMPublishModule.psm1
		PublishScripts\Publish-WebApplicationVM.ps1 = PublishScripts\Publish-WebApplicationVM.ps1
	EndProjectSection
EndProject
Project("{2150E333-8FDC-42A3-9474-1A3956D46DE8}") = "Configurations", "Configurations", "{ABD30D30-11C1-46E8-A17C-D7ED4141113A}"
	ProjectSection(SolutionItems) = preProject
		PublishScripts\Configurations\Kwicli-WAWS-dev.json = PublishScripts\Configurations\Kwicli-WAWS-dev.json
	EndProjectSection
EndProject
Global
	GlobalSection(SolutionConfigurationPlatforms) = preSolution
		Debug|Any CPU = Debug|Any CPU
		Release|Any CPU = Release|Any CPU
	EndGlobalSection
	GlobalSection(ProjectConfigurationPlatforms) = postSolution
		{9703AEEF-EBE1-4BB3-9CA8-C680E5280DD1}.Debug|Any CPU.ActiveCfg = Debug|Any CPU
		{9703AEEF-EBE1-4BB3-9CA8-C680E5280DD1}.Debug|Any CPU.Build.0 = Debug|Any CPU
		{9703AEEF-EBE1-4BB3-9CA8-C680E5280DD1}.Release|Any CPU.ActiveCfg = Release|Any CPU
		{9703AEEF-EBE1-4BB3-9CA8-C680E5280DD1}.Release|Any CPU.Build.0 = Release|Any CPU
	EndGlobalSection
	GlobalSection(SolutionProperties) = preSolution
		HideSolutionNode = FALSE
	EndGlobalSection
	GlobalSection(NestedProjects) = preSolution
		{9703AEEF-EBE1-4BB3-9CA8-C680E5280DD1} = {109D8991-21A9-4526-BD39-509545A46B35}
		{ABD30D30-11C1-46E8-A17C-D7ED4141113A} = {316A140F-1E1E-4202-93F7-207A4D5A6E7E}
	EndGlobalSection
EndGlobal
